
Microsoft Visual Studio Solution File, Format Version 12.00
# Visual Studio 15
VisualStudioVersion = 15.0.26228.9
MinimumVisualStudioVersion = 10.0.40219.1
Project("{9A19103F-16F7-4668-BE54-9A1E7A4F7556}") = "Stream", "Stream\Stream.csproj", "{A361AF40-920D-49AC-B78F-BB41C9DB93DE}"
EndProject
Project("{F2A71F9B-5D33-465A-A702-920D77279786}") = "Stream.Test", "Stream.Test\Stream.Test.fsproj", "{832031B9-30CB-4883-B91C-055437A6C1A1}"
EndProject
Project("{2150E333-8FDC-42A3-9474-1A3956D46DE8}") = "Solution Items", "Solution Items", "{22232AAA-F642-4E13-95F7-B682259ECC88}"
	ProjectSection(SolutionItems) = preProject
		LICENSE.txt = LICENSE.txt
	EndProjectSection
EndProject
Project("{FAE04EC0-301F-11D3-BF4B-00C04F79EFBC}") = "Dictionary", "Dictionary\Dictionary.csproj", "{26E410C9-B22E-442A-9ABD-D0FBA72932EA}"
EndProject
Project("{F2A71F9B-5D33-465A-A702-920D77279786}") = "Dictionary.Test", "Dictionary.Test\Dictionary.Test.fsproj", "{7EF6E827-D7F9-4050-A001-6CB86B80A9EE}"
EndProject
Project("{FAE04EC0-301F-11D3-BF4B-00C04F79EFBC}") = "Storage", "Storage\Storage.csproj", "{97020D9C-CBDC-4EE9-9B2C-3A73F0A6AEEB}"
EndProject
Global
	GlobalSection(SolutionConfigurationPlatforms) = preSolution
		Debug|Any CPU = Debug|Any CPU
		Release|Any CPU = Release|Any CPU
	EndGlobalSection
	GlobalSection(ProjectConfigurationPlatforms) = postSolution
		{A361AF40-920D-49AC-B78F-BB41C9DB93DE}.Debug|Any CPU.ActiveCfg = Debug|Any CPU
		{A361AF40-920D-49AC-B78F-BB41C9DB93DE}.Debug|Any CPU.Build.0 = Debug|Any CPU
		{A361AF40-920D-49AC-B78F-BB41C9DB93DE}.Release|Any CPU.ActiveCfg = Release|Any CPU
		{A361AF40-920D-49AC-B78F-BB41C9DB93DE}.Release|Any CPU.Build.0 = Release|Any CPU
		{832031B9-30CB-4883-B91C-055437A6C1A1}.Debug|Any CPU.ActiveCfg = Debug|Any CPU
		{832031B9-30CB-4883-B91C-055437A6C1A1}.Debug|Any CPU.Build.0 = Debug|Any CPU
		{832031B9-30CB-4883-B91C-055437A6C1A1}.Release|Any CPU.ActiveCfg = Release|Any CPU
		{26E410C9-B22E-442A-9ABD-D0FBA72932EA}.Debug|Any CPU.ActiveCfg = Debug|Any CPU
		{26E410C9-B22E-442A-9ABD-D0FBA72932EA}.Debug|Any CPU.Build.0 = Debug|Any CPU
		{26E410C9-B22E-442A-9ABD-D0FBA72932EA}.Release|Any CPU.ActiveCfg = Release|Any CPU
		{26E410C9-B22E-442A-9ABD-D0FBA72932EA}.Release|Any CPU.Build.0 = Release|Any CPU
		{7EF6E827-D7F9-4050-A001-6CB86B80A9EE}.Debug|Any CPU.ActiveCfg = Debug|Any CPU
		{7EF6E827-D7F9-4050-A001-6CB86B80A9EE}.Debug|Any CPU.Build.0 = Debug|Any CPU
		{7EF6E827-D7F9-4050-A001-6CB86B80A9EE}.Release|Any CPU.ActiveCfg = Release|Any CPU
		{97020D9C-CBDC-4EE9-9B2C-3A73F0A6AEEB}.Debug|Any CPU.ActiveCfg = Debug|Any CPU
		{97020D9C-CBDC-4EE9-9B2C-3A73F0A6AEEB}.Debug|Any CPU.Build.0 = Debug|Any CPU
		{97020D9C-CBDC-4EE9-9B2C-3A73F0A6AEEB}.Release|Any CPU.ActiveCfg = Release|Any CPU
		{97020D9C-CBDC-4EE9-9B2C-3A73F0A6AEEB}.Release|Any CPU.Build.0 = Release|Any CPU
	EndGlobalSection
	GlobalSection(SolutionProperties) = preSolution
		HideSolutionNode = FALSE
	EndGlobalSection
EndGlobal
