
Microsoft Visual Studio Solution File, Format Version 12.00
# Visual Studio 15
VisualStudioVersion = 15.0.26206.0
MinimumVisualStudioVersion = 10.0.40219.1
Project("{FAE04EC0-301F-11D3-BF4B-00C04F79EFBC}") = "Troubadour", "Troubadour\Troubadour.csproj", "{1F28EADD-4141-428B-B1FF-CE7E2DE951DB}"
EndProject
Project("{9A19103F-16F7-4668-BE54-9A1E7A4F7556}") = "Metadata", "Metadata\Metadata\Metadata.csproj", "{42BD045C-51C5-4F77-8583-A83C3636737A}"
EndProject
Project("{2150E333-8FDC-42A3-9474-1A3956D46DE8}") = "Solution Items", "Solution Items", "{66EB208C-DF14-45B5-BF2B-6DF13B701CB9}"
	ProjectSection(SolutionItems) = preProject
		..\..\..\..\..\Shared\Music\Malukah\Misty Mountains.mp3 = ..\..\..\..\..\Shared\Music\Malukah\Misty Mountains.mp3
		..\..\..\..\music\Andreas Waldetoft\Songs of the New World\Travel the New World.mp3 = ..\..\..\..\music\Andreas Waldetoft\Songs of the New World\Travel the New World.mp3
	EndProjectSection
EndProject
Project("{FAE04EC0-301F-11D3-BF4B-00C04F79EFBC}") = "Metadata.Audio", "Metadata\Metadata.Audio\Metadata.Audio.csproj", "{8ACB9422-DC7E-4A02-B195-139FC7F41DE2}"
EndProject
Project("{2150E333-8FDC-42A3-9474-1A3956D46DE8}") = "Metadata", "Metadata", "{3537BCDF-F425-4F07-985C-6E4D944A970B}"
EndProject
Project("{F2A71F9B-5D33-465A-A702-920D77279786}") = "Metadata.Test", "Metadata\Metadata.Test\Metadata.Test.fsproj", "{365B24B3-7F0D-484C-9645-FB27A497BA9E}"
EndProject
Project("{9A19103F-16F7-4668-BE54-9A1E7A4F7556}") = "Library", "Library\Library.csproj", "{4FFA520F-A6B9-4BD2-AA79-D6504AA36514}"
EndProject
Project("{2150E333-8FDC-42A3-9474-1A3956D46DE8}") = "ConcatStream", "ConcatStream", "{3E1C4C40-26FF-484F-AAB1-E7D02ADBE53F}"
EndProject
Project("{9A19103F-16F7-4668-BE54-9A1E7A4F7556}") = "ConcatStream", "Metadata\ConcatStream\ConcatStream\ConcatStream.csproj", "{D4485209-8048-4C28-9E63-57F64407AA39}"
EndProject
Project("{F2A71F9B-5D33-465A-A702-920D77279786}") = "ConcatStream.Test", "Metadata\ConcatStream\ConcatStream.Test\ConcatStream.Test.fsproj", "{A03078BA-4146-4581-9197-CFAD49900C38}"
EndProject
Global
	GlobalSection(SolutionConfigurationPlatforms) = preSolution
		Debug|Any CPU = Debug|Any CPU
		Debug|ARM = Debug|ARM
		Debug|x64 = Debug|x64
		Debug|x86 = Debug|x86
		Release|Any CPU = Release|Any CPU
		Release|ARM = Release|ARM
		Release|x64 = Release|x64
		Release|x86 = Release|x86
	EndGlobalSection
	GlobalSection(ProjectConfigurationPlatforms) = postSolution
		{1F28EADD-4141-428B-B1FF-CE7E2DE951DB}.Debug|Any CPU.ActiveCfg = Debug|x86
		{1F28EADD-4141-428B-B1FF-CE7E2DE951DB}.Debug|ARM.ActiveCfg = Debug|ARM
		{1F28EADD-4141-428B-B1FF-CE7E2DE951DB}.Debug|ARM.Build.0 = Debug|ARM
		{1F28EADD-4141-428B-B1FF-CE7E2DE951DB}.Debug|ARM.Deploy.0 = Debug|ARM
		{1F28EADD-4141-428B-B1FF-CE7E2DE951DB}.Debug|x64.ActiveCfg = Debug|x64
		{1F28EADD-4141-428B-B1FF-CE7E2DE951DB}.Debug|x64.Build.0 = Debug|x64
		{1F28EADD-4141-428B-B1FF-CE7E2DE951DB}.Debug|x64.Deploy.0 = Debug|x64
		{1F28EADD-4141-428B-B1FF-CE7E2DE951DB}.Debug|x86.ActiveCfg = Debug|x86
		{1F28EADD-4141-428B-B1FF-CE7E2DE951DB}.Debug|x86.Build.0 = Debug|x86
		{1F28EADD-4141-428B-B1FF-CE7E2DE951DB}.Debug|x86.Deploy.0 = Debug|x86
		{1F28EADD-4141-428B-B1FF-CE7E2DE951DB}.Release|Any CPU.ActiveCfg = Release|x86
		{1F28EADD-4141-428B-B1FF-CE7E2DE951DB}.Release|ARM.ActiveCfg = Release|ARM
		{1F28EADD-4141-428B-B1FF-CE7E2DE951DB}.Release|ARM.Build.0 = Release|ARM
		{1F28EADD-4141-428B-B1FF-CE7E2DE951DB}.Release|ARM.Deploy.0 = Release|ARM
		{1F28EADD-4141-428B-B1FF-CE7E2DE951DB}.Release|x64.ActiveCfg = Release|x64
		{1F28EADD-4141-428B-B1FF-CE7E2DE951DB}.Release|x64.Build.0 = Release|x64
		{1F28EADD-4141-428B-B1FF-CE7E2DE951DB}.Release|x64.Deploy.0 = Release|x64
		{1F28EADD-4141-428B-B1FF-CE7E2DE951DB}.Release|x86.ActiveCfg = Release|x86
		{1F28EADD-4141-428B-B1FF-CE7E2DE951DB}.Release|x86.Build.0 = Release|x86
		{1F28EADD-4141-428B-B1FF-CE7E2DE951DB}.Release|x86.Deploy.0 = Release|x86
		{42BD045C-51C5-4F77-8583-A83C3636737A}.Debug|Any CPU.ActiveCfg = Debug|Any CPU
		{42BD045C-51C5-4F77-8583-A83C3636737A}.Debug|Any CPU.Build.0 = Debug|Any CPU
		{42BD045C-51C5-4F77-8583-A83C3636737A}.Debug|ARM.ActiveCfg = Debug|Any CPU
		{42BD045C-51C5-4F77-8583-A83C3636737A}.Debug|ARM.Build.0 = Debug|Any CPU
		{42BD045C-51C5-4F77-8583-A83C3636737A}.Debug|x64.ActiveCfg = Debug|x64
		{42BD045C-51C5-4F77-8583-A83C3636737A}.Debug|x64.Build.0 = Debug|x64
		{42BD045C-51C5-4F77-8583-A83C3636737A}.Debug|x86.ActiveCfg = Debug|x86
		{42BD045C-51C5-4F77-8583-A83C3636737A}.Debug|x86.Build.0 = Debug|x86
		{42BD045C-51C5-4F77-8583-A83C3636737A}.Release|Any CPU.ActiveCfg = Release|Any CPU
		{42BD045C-51C5-4F77-8583-A83C3636737A}.Release|Any CPU.Build.0 = Release|Any CPU
		{42BD045C-51C5-4F77-8583-A83C3636737A}.Release|ARM.ActiveCfg = Release|Any CPU
		{42BD045C-51C5-4F77-8583-A83C3636737A}.Release|ARM.Build.0 = Release|Any CPU
		{42BD045C-51C5-4F77-8583-A83C3636737A}.Release|x64.ActiveCfg = Release|x64
		{42BD045C-51C5-4F77-8583-A83C3636737A}.Release|x64.Build.0 = Release|x64
		{42BD045C-51C5-4F77-8583-A83C3636737A}.Release|x86.ActiveCfg = Release|x86
		{42BD045C-51C5-4F77-8583-A83C3636737A}.Release|x86.Build.0 = Release|x86
		{8ACB9422-DC7E-4A02-B195-139FC7F41DE2}.Debug|Any CPU.ActiveCfg = Debug|Any CPU
		{8ACB9422-DC7E-4A02-B195-139FC7F41DE2}.Debug|Any CPU.Build.0 = Debug|Any CPU
		{8ACB9422-DC7E-4A02-B195-139FC7F41DE2}.Debug|ARM.ActiveCfg = Debug|Any CPU
		{8ACB9422-DC7E-4A02-B195-139FC7F41DE2}.Debug|ARM.Build.0 = Debug|Any CPU
		{8ACB9422-DC7E-4A02-B195-139FC7F41DE2}.Debug|x64.ActiveCfg = Debug|x64
		{8ACB9422-DC7E-4A02-B195-139FC7F41DE2}.Debug|x64.Build.0 = Debug|x64
		{8ACB9422-DC7E-4A02-B195-139FC7F41DE2}.Debug|x86.ActiveCfg = Debug|x86
		{8ACB9422-DC7E-4A02-B195-139FC7F41DE2}.Debug|x86.Build.0 = Debug|x86
		{8ACB9422-DC7E-4A02-B195-139FC7F41DE2}.Release|Any CPU.ActiveCfg = Release|Any CPU
		{8ACB9422-DC7E-4A02-B195-139FC7F41DE2}.Release|Any CPU.Build.0 = Release|Any CPU
		{8ACB9422-DC7E-4A02-B195-139FC7F41DE2}.Release|ARM.ActiveCfg = Release|Any CPU
		{8ACB9422-DC7E-4A02-B195-139FC7F41DE2}.Release|ARM.Build.0 = Release|Any CPU
		{8ACB9422-DC7E-4A02-B195-139FC7F41DE2}.Release|x64.ActiveCfg = Release|x64
		{8ACB9422-DC7E-4A02-B195-139FC7F41DE2}.Release|x64.Build.0 = Release|x64
		{8ACB9422-DC7E-4A02-B195-139FC7F41DE2}.Release|x86.ActiveCfg = Release|x86
		{8ACB9422-DC7E-4A02-B195-139FC7F41DE2}.Release|x86.Build.0 = Release|x86
		{365B24B3-7F0D-484C-9645-FB27A497BA9E}.Debug|Any CPU.ActiveCfg = Debug|Any CPU
		{365B24B3-7F0D-484C-9645-FB27A497BA9E}.Debug|Any CPU.Build.0 = Debug|Any CPU
		{365B24B3-7F0D-484C-9645-FB27A497BA9E}.Debug|ARM.ActiveCfg = Debug|Any CPU
		{365B24B3-7F0D-484C-9645-FB27A497BA9E}.Debug|ARM.Build.0 = Debug|Any CPU
		{365B24B3-7F0D-484C-9645-FB27A497BA9E}.Debug|x64.ActiveCfg = Debug|Any CPU
		{365B24B3-7F0D-484C-9645-FB27A497BA9E}.Debug|x64.Build.0 = Debug|Any CPU
		{365B24B3-7F0D-484C-9645-FB27A497BA9E}.Debug|x86.ActiveCfg = Debug|Any CPU
		{365B24B3-7F0D-484C-9645-FB27A497BA9E}.Debug|x86.Build.0 = Debug|Any CPU
		{365B24B3-7F0D-484C-9645-FB27A497BA9E}.Release|Any CPU.ActiveCfg = Release|Any CPU
		{365B24B3-7F0D-484C-9645-FB27A497BA9E}.Release|Any CPU.Build.0 = Release|Any CPU
		{365B24B3-7F0D-484C-9645-FB27A497BA9E}.Release|ARM.ActiveCfg = Release|Any CPU
		{365B24B3-7F0D-484C-9645-FB27A497BA9E}.Release|ARM.Build.0 = Release|Any CPU
		{365B24B3-7F0D-484C-9645-FB27A497BA9E}.Release|x64.ActiveCfg = Release|Any CPU
		{365B24B3-7F0D-484C-9645-FB27A497BA9E}.Release|x64.Build.0 = Release|Any CPU
		{365B24B3-7F0D-484C-9645-FB27A497BA9E}.Release|x86.ActiveCfg = Release|Any CPU
		{365B24B3-7F0D-484C-9645-FB27A497BA9E}.Release|x86.Build.0 = Release|Any CPU
		{4FFA520F-A6B9-4BD2-AA79-D6504AA36514}.Debug|Any CPU.ActiveCfg = Debug|Any CPU
		{4FFA520F-A6B9-4BD2-AA79-D6504AA36514}.Debug|Any CPU.Build.0 = Debug|Any CPU
		{4FFA520F-A6B9-4BD2-AA79-D6504AA36514}.Debug|ARM.ActiveCfg = Debug|Any CPU
		{4FFA520F-A6B9-4BD2-AA79-D6504AA36514}.Debug|ARM.Build.0 = Debug|Any CPU
		{4FFA520F-A6B9-4BD2-AA79-D6504AA36514}.Debug|x64.ActiveCfg = Debug|x64
		{4FFA520F-A6B9-4BD2-AA79-D6504AA36514}.Debug|x64.Build.0 = Debug|x64
		{4FFA520F-A6B9-4BD2-AA79-D6504AA36514}.Debug|x86.ActiveCfg = Debug|x86
		{4FFA520F-A6B9-4BD2-AA79-D6504AA36514}.Debug|x86.Build.0 = Debug|x86
		{4FFA520F-A6B9-4BD2-AA79-D6504AA36514}.Release|Any CPU.ActiveCfg = Release|Any CPU
		{4FFA520F-A6B9-4BD2-AA79-D6504AA36514}.Release|Any CPU.Build.0 = Release|Any CPU
		{4FFA520F-A6B9-4BD2-AA79-D6504AA36514}.Release|ARM.ActiveCfg = Release|Any CPU
		{4FFA520F-A6B9-4BD2-AA79-D6504AA36514}.Release|ARM.Build.0 = Release|Any CPU
		{4FFA520F-A6B9-4BD2-AA79-D6504AA36514}.Release|x64.ActiveCfg = Release|x64
		{4FFA520F-A6B9-4BD2-AA79-D6504AA36514}.Release|x64.Build.0 = Release|x64
		{4FFA520F-A6B9-4BD2-AA79-D6504AA36514}.Release|x86.ActiveCfg = Release|x86
		{4FFA520F-A6B9-4BD2-AA79-D6504AA36514}.Release|x86.Build.0 = Release|x86
		{D4485209-8048-4C28-9E63-57F64407AA39}.Debug|Any CPU.ActiveCfg = Debug|Any CPU
		{D4485209-8048-4C28-9E63-57F64407AA39}.Debug|Any CPU.Build.0 = Debug|Any CPU
		{D4485209-8048-4C28-9E63-57F64407AA39}.Debug|ARM.ActiveCfg = Debug|Any CPU
		{D4485209-8048-4C28-9E63-57F64407AA39}.Debug|ARM.Build.0 = Debug|Any CPU
		{D4485209-8048-4C28-9E63-57F64407AA39}.Debug|x64.ActiveCfg = Debug|x64
		{D4485209-8048-4C28-9E63-57F64407AA39}.Debug|x64.Build.0 = Debug|x64
		{D4485209-8048-4C28-9E63-57F64407AA39}.Debug|x86.ActiveCfg = Debug|x86
		{D4485209-8048-4C28-9E63-57F64407AA39}.Debug|x86.Build.0 = Debug|x86
		{D4485209-8048-4C28-9E63-57F64407AA39}.Release|Any CPU.ActiveCfg = Release|Any CPU
		{D4485209-8048-4C28-9E63-57F64407AA39}.Release|Any CPU.Build.0 = Release|Any CPU
		{D4485209-8048-4C28-9E63-57F64407AA39}.Release|ARM.ActiveCfg = Release|Any CPU
		{D4485209-8048-4C28-9E63-57F64407AA39}.Release|ARM.Build.0 = Release|Any CPU
		{D4485209-8048-4C28-9E63-57F64407AA39}.Release|x64.ActiveCfg = Release|x64
		{D4485209-8048-4C28-9E63-57F64407AA39}.Release|x64.Build.0 = Release|x64
		{D4485209-8048-4C28-9E63-57F64407AA39}.Release|x86.ActiveCfg = Release|x86
		{D4485209-8048-4C28-9E63-57F64407AA39}.Release|x86.Build.0 = Release|x86
		{A03078BA-4146-4581-9197-CFAD49900C38}.Debug|Any CPU.ActiveCfg = Debug|Any CPU
		{A03078BA-4146-4581-9197-CFAD49900C38}.Debug|Any CPU.Build.0 = Debug|Any CPU
		{A03078BA-4146-4581-9197-CFAD49900C38}.Debug|ARM.ActiveCfg = Debug|Any CPU
		{A03078BA-4146-4581-9197-CFAD49900C38}.Debug|ARM.Build.0 = Debug|Any CPU
		{A03078BA-4146-4581-9197-CFAD49900C38}.Debug|x64.ActiveCfg = Debug|Any CPU
		{A03078BA-4146-4581-9197-CFAD49900C38}.Debug|x64.Build.0 = Debug|Any CPU
		{A03078BA-4146-4581-9197-CFAD49900C38}.Debug|x86.ActiveCfg = Debug|Any CPU
		{A03078BA-4146-4581-9197-CFAD49900C38}.Debug|x86.Build.0 = Debug|Any CPU
		{A03078BA-4146-4581-9197-CFAD49900C38}.Release|Any CPU.ActiveCfg = Release|Any CPU
		{A03078BA-4146-4581-9197-CFAD49900C38}.Release|Any CPU.Build.0 = Release|Any CPU
		{A03078BA-4146-4581-9197-CFAD49900C38}.Release|ARM.ActiveCfg = Release|Any CPU
		{A03078BA-4146-4581-9197-CFAD49900C38}.Release|ARM.Build.0 = Release|Any CPU
		{A03078BA-4146-4581-9197-CFAD49900C38}.Release|x64.ActiveCfg = Release|Any CPU
		{A03078BA-4146-4581-9197-CFAD49900C38}.Release|x64.Build.0 = Release|Any CPU
		{A03078BA-4146-4581-9197-CFAD49900C38}.Release|x86.ActiveCfg = Release|Any CPU
		{A03078BA-4146-4581-9197-CFAD49900C38}.Release|x86.Build.0 = Release|Any CPU
	EndGlobalSection
	GlobalSection(SolutionProperties) = preSolution
		HideSolutionNode = FALSE
	EndGlobalSection
	GlobalSection(NestedProjects) = preSolution
		{42BD045C-51C5-4F77-8583-A83C3636737A} = {3537BCDF-F425-4F07-985C-6E4D944A970B}
		{8ACB9422-DC7E-4A02-B195-139FC7F41DE2} = {3537BCDF-F425-4F07-985C-6E4D944A970B}
		{365B24B3-7F0D-484C-9645-FB27A497BA9E} = {3537BCDF-F425-4F07-985C-6E4D944A970B}
		{D4485209-8048-4C28-9E63-57F64407AA39} = {3E1C4C40-26FF-484F-AAB1-E7D02ADBE53F}
		{A03078BA-4146-4581-9197-CFAD49900C38} = {3E1C4C40-26FF-484F-AAB1-E7D02ADBE53F}
	EndGlobalSection
EndGlobal
